
Microsoft Visual Studio Solution File, Format Version 12.00
# Visual Studio Version 16
VisualStudioVersion = 16.0.30717.126
MinimumVisualStudioVersion = 10.0.40219.1
Project("{FAE04EC0-301F-11D3-BF4B-00C04F79EFBC}") = "s-squared", "s-squared\s-squared.csproj", "{48916B9F-2116-49FF-995F-DCCAB453ADBD}"
EndProject
Project("{9A19103F-16F7-4668-BE54-9A1E7A4F7556}") = "Domain", "Domain\Domain.csproj", "{9DF809D2-5901-45CD-AB7A-01DC91BA8B51}"
EndProject
Project("{FAE04EC0-301F-11D3-BF4B-00C04F79EFBC}") = "Repository", "Repository\Repository.csproj", "{EF30C8F7-DFFD-4F06-AF31-971E1892B079}"
EndProject
Global
	GlobalSection(SolutionConfigurationPlatforms) = preSolution
		Debug|Any CPU = Debug|Any CPU
		Release|Any CPU = Release|Any CPU
	EndGlobalSection
	GlobalSection(ProjectConfigurationPlatforms) = postSolution
		{48916B9F-2116-49FF-995F-DCCAB453ADBD}.Debug|Any CPU.ActiveCfg = Debug|Any CPU
		{48916B9F-2116-49FF-995F-DCCAB453ADBD}.Debug|Any CPU.Build.0 = Debug|Any CPU
		{48916B9F-2116-49FF-995F-DCCAB453ADBD}.Release|Any CPU.ActiveCfg = Release|Any CPU
		{48916B9F-2116-49FF-995F-DCCAB453ADBD}.Release|Any CPU.Build.0 = Release|Any CPU
		{9DF809D2-5901-45CD-AB7A-01DC91BA8B51}.Debug|Any CPU.ActiveCfg = Debug|Any CPU
		{9DF809D2-5901-45CD-AB7A-01DC91BA8B51}.Debug|Any CPU.Build.0 = Debug|Any CPU
		{9DF809D2-5901-45CD-AB7A-01DC91BA8B51}.Release|Any CPU.ActiveCfg = Release|Any CPU
		{9DF809D2-5901-45CD-AB7A-01DC91BA8B51}.Release|Any CPU.Build.0 = Release|Any CPU
		{EF30C8F7-DFFD-4F06-AF31-971E1892B079}.Debug|Any CPU.ActiveCfg = Debug|Any CPU
		{EF30C8F7-DFFD-4F06-AF31-971E1892B079}.Debug|Any CPU.Build.0 = Debug|Any CPU
		{EF30C8F7-DFFD-4F06-AF31-971E1892B079}.Release|Any CPU.ActiveCfg = Release|Any CPU
		{EF30C8F7-DFFD-4F06-AF31-971E1892B079}.Release|Any CPU.Build.0 = Release|Any CPU
	EndGlobalSection
	GlobalSection(SolutionProperties) = preSolution
		HideSolutionNode = FALSE
	EndGlobalSection
	GlobalSection(ExtensibilityGlobals) = postSolution
		SolutionGuid = {7A8DFDCD-F78D-47A5-A033-CE93788BCCFE}
	EndGlobalSection
EndGlobal
